
Microsoft Visual Studio Solution File, Format Version 12.00
# Visual Studio Version 16
VisualStudioVersion = 16.0.29519.181
MinimumVisualStudioVersion = 10.0.40219.1
Project("{8BC9CEB8-8B4A-11D0-8D11-00A0C91BC942}") = "maox", "maox\maox.vcxproj", "{CCA7D3FA-1DD0-4972-98B1-4CF3B99C9EA3}"
EndProject
Global
	GlobalSection(SolutionConfigurationPlatforms) = preSolution
		Debug|x64 = Debug|x64
		Debug|x86 = Debug|x86
		Release|x64 = Release|x64
		Release|x86 = Release|x86
	EndGlobalSection
	GlobalSection(ProjectConfigurationPlatforms) = postSolution
		{CCA7D3FA-1DD0-4972-98B1-4CF3B99C9EA3}.Debug|x64.ActiveCfg = Debug|x64
		{CCA7D3FA-1DD0-4972-98B1-4CF3B99C9EA3}.Debug|x64.Build.0 = Debug|x64
		{CCA7D3FA-1DD0-4972-98B1-4CF3B99C9EA3}.Debug|x86.ActiveCfg = Debug|Win32
		{CCA7D3FA-1DD0-4972-98B1-4CF3B99C9EA3}.Debug|x86.Build.0 = Debug|Win32
		{CCA7D3FA-1DD0-4972-98B1-4CF3B99C9EA3}.Release|x64.ActiveCfg = Release|x64
		{CCA7D3FA-1DD0-4972-98B1-4CF3B99C9EA3}.Release|x64.Build.0 = Release|x64
		{CCA7D3FA-1DD0-4972-98B1-4CF3B99C9EA3}.Release|x86.ActiveCfg = Release|Win32
		{CCA7D3FA-1DD0-4972-98B1-4CF3B99C9EA3}.Release|x86.Build.0 = Release|Win32
	EndGlobalSection
	GlobalSection(SolutionProperties) = preSolution
		HideSolutionNode = FALSE
	EndGlobalSection
	GlobalSection(ExtensibilityGlobals) = postSolution
		SolutionGuid = {BA737EBF-6492-4F04-A82A-A8259C8E1515}
	EndGlobalSection
EndGlobal
